# This file is autogenerated, do not edit; changes may be undone by the next 'dep ensure'.


[[projects]]
  branch = "master"
  name = "github.com/bradfitz/gomemcache"
  packages = ["memcache"]
  revision = "1952afaa557dc08e8e0d89eafab110fb501c1a2b"

[[projects]]
  branch = "master"
  name = "github.com/caarlos0/env"
  packages = ["."]
  revision = "bc122c26dc2d72f6904a9e0cb940ca508660067c"

[[projects]]
  branch = "master"
  name = "github.com/gin-gonic/gin"
  packages = ["binding","render"]
  revision = "d5b353c5d5a560322e6d96121c814115562501f7"

[[projects]]
  branch = "master"
  name = "github.com/go-redis/redis"
  packages = [".","internal","internal/consistenthash","internal/hashtag","internal/pool","internal/proto"]
  revision = "eb066030c08c254136a0dbfe9f7a3625a0871beb"

[[projects]]
  branch = "master"
  name = "github.com/golang/protobuf"
  packages = ["proto"]
  revision = "fec3b39b059c0f88fa6b20f5ed012b1aa203a8b4"

[[projects]]
  branch = "master"
  name = "github.com/manucorporat/sse"
  packages = ["."]
  revision = "ee05b128a739a0fb76c7ebd3ae4810c1de808d6d"

[[projects]]
  branch = "master"
  name = "github.com/mattn/go-isatty"
  packages = ["."]
  revision = "fc9e8d8ef48496124e79ae0df75490096eccf6fe"

[[projects]]
  branch = "master"
  name = "github.com/nlopes/slack"
  packages = ["."]
  revision = "f243c7602fdf906248fc1f165284daa4e4d2d09e"

[[projects]]
  branch = "master"
  name = "github.com/olebedev/config"
  packages = ["."]
  revision = "afea898d27c7d17376ecc60c7c2e73c76b40060e"
  source = "https://github.com/olebedev/config.git"

[[projects]]
  branch = "master"
  name = "github.com/silenceper/wechat"
  packages = [".","cache","context","js","material","menu","message","oauth","server","util"]
  revision = "3f720b64c98c33f780cfd252dbd9913f5b5ae1df"
  source = "https://github.com/silenceper/wechat.git"

[[projects]]
  name = "github.com/sirupsen/logrus"
  packages = ["."]
  revision = "202f25545ea4cf9b191ff7f846df5d87c9382c2b"
  version = "v1.0.0"

[[projects]]
  name = "github.com/technoweenie/multipartstreamer"
  packages = ["."]
  revision = "a90a01d73ae432e2611d178c18367fbaa13e0154"
  version = "v1.0.1"

[[projects]]
  branch = "master"
  name = "golang.org/x/net"
  packages = ["context","websocket"]
  revision = "d1e1b351919c6738fdeb9893d5c998b161464f0c"

[[projects]]
  branch = "master"
  name = "golang.org/x/sys"
  packages = ["unix"]
  revision = "0b25a408a50076fbbcae6b7ac0ea5fbb0b085e79"

[[projects]]
  branch = "master"
  name = "gopkg.in/gin-gonic/gin.v1"
  packages = ["."]
  revision = "e2212d40c62a98b388a5eb48ecbdcf88534688ba"

[[projects]]
  branch = "master"
  name = "gopkg.in/go-playground/validator.v8"
  packages = ["."]
  revision = "5f57d2222ad794d0dffb07e664ea05e2ee07d60c"

[[projects]]
  name = "gopkg.in/telegram-bot-api.v4"
  packages = ["."]
  revision = "0e0af0c480ea98e982d5f4d45fb39577c6ab1e3e"
  version = "v4.6.2"

[[projects]]
  branch = "v2"
  name = "gopkg.in/yaml.v2"
  packages = ["."]
  revision = "cd8b52f8269e0feb286dfeef29f8fe4d5b397e0b"

[solve-meta]
  analyzer-name = "dep"
  analyzer-version = 1
  inputs-digest = "8e05237f3ee32eaeff83d916321e03da6c8ad966de9001c9d009e88c986d6ece"
  solver-name = "gps-cdcl"
  solver-version = 1
